// !$*UTF8*$!
{
	archiveVersion = 1;
	classes = {
	};
	objectVersion = 56;
	objects = {

/* Begin PBXBuildFile section */
		D96DDFBB2A8BD85F0060A780 /* SPMRenovateTestProjectApp.swift in Sources */ = {isa = PBXBuildFile; fileRef = D96DDFBA2A8BD85F0060A780 /* SPMRenovateTestProjectApp.swift */; };
		D96DDFBD2A8BD85F0060A780 /* ContentView.swift in Sources */ = {isa = PBXBuildFile; fileRef = D96DDFBC2A8BD85F0060A780 /* ContentView.swift */; };
		D96DDFBF2A8BD8600060A780 /* Assets.xcassets in Resources */ = {isa = PBXBuildFile; fileRef = D96DDFBE2A8BD8600060A780 /* Assets.xcassets */; };
		D96DDFC22A8BD8600060A780 /* Preview Assets.xcassets in Resources */ = {isa = PBXBuildFile; fileRef = D96DDFC12A8BD8600060A780 /* Preview Assets.xcassets */; };
		D96DDFCC2A8BD8600060A780 /* SPMRenovateTestProjectTests.swift in Sources */ = {isa = PBXBuildFile; fileRef = D96DDFCB2A8BD8600060A780 /* SPMRenovateTestProjectTests.swift */; };
		D96DDFD62A8BD8600060A780 /* SPMRenovateTestProjectUITests.swift in Sources */ = {isa = PBXBuildFile; fileRef = D96DDFD52A8BD8600060A780 /* SPMRenovateTestProjectUITests.swift */; };
		D96DDFD82A8BD8600060A780 /* SPMRenovateTestProjectUITestsLaunchTests.swift in Sources */ = {isa = PBXBuildFile; fileRef = D96DDFD72A8BD8600060A780 /* SPMRenovateTestProjectUITestsLaunchTests.swift */; };
		D99058CE2A8C15F80063658E /* SPMRenovateTestPackage in Frameworks */ = {isa = PBXBuildFile; productRef = D99058CD2A8C15F80063658E /* SPMRenovateTestPackage */; };
/* End PBXBuildFile section */

/* Begin PBXContainerItemProxy section */
		D96DDFC82A8BD8600060A780 /* PBXContainerItemProxy */ = {
			isa = PBXContainerItemProxy;
			containerPortal = D96DDFAF2A8BD85F0060A780 /* Project object */;
			proxyType = 1;
			remoteGlobalIDString = D96DDFB62A8BD85F0060A780;
			remoteInfo = SPMRenovateTestProject;
		};
		D96DDFD22A8BD8600060A780 /* PBXContainerItemProxy */ = {
			isa = PBXContainerItemProxy;
			containerPortal = D96DDFAF2A8BD85F0060A780 /* Project object */;
			proxyType = 1;
			remoteGlobalIDString = D96DDFB62A8BD85F0060A780;
			remoteInfo = SPMRenovateTestProject;
		};
/* End PBXContainerItemProxy section */

/* Begin PBXFileReference section */
		D96DDFB72A8BD85F0060A780 /* SPMRenovateTestProject.app */ = {isa = PBXFileReference; explicitFileType = wrapper.application; includeInIndex = 0; path = SPMRenovateTestProject.app; sourceTree = BUILT_PRODUCTS_DIR; };
		D96DDFBA2A8BD85F0060A780 /* SPMRenovateTestProjectApp.swift */ = {isa = PBXFileReference; lastKnownFileType = sourcecode.swift; path = SPMRenovateTestProjectApp.swift; sourceTree = "<group>"; };
		D96DDFBC2A8BD85F0060A780 /* ContentView.swift */ = {isa = PBXFileReference; lastKnownFileType = sourcecode.swift; path = ContentView.swift; sourceTree = "<group>"; };
		D96DDFBE2A8BD8600060A780 /* Assets.xcassets */ = {isa = PBXFileReference; lastKnownFileType = folder.assetcatalog; path = Assets.xcassets; sourceTree = "<group>"; };
		D96DDFC12A8BD8600060A780 /* Preview Assets.xcassets */ = {isa = PBXFileReference; lastKnownFileType = folder.assetcatalog; path = "Preview Assets.xcassets"; sourceTree = "<group>"; };
		D96DDFC72A8BD8600060A780 /* SPMRenovateTestProjectTests.xctest */ = {isa = PBXFileReference; explicitFileType = wrapper.cfbundle; includeInIndex = 0; path = SPMRenovateTestProjectTests.xctest; sourceTree = BUILT_PRODUCTS_DIR; };
		D96DDFCB2A8BD8600060A780 /* SPMRenovateTestProjectTests.swift */ = {isa = PBXFileReference; lastKnownFileType = sourcecode.swift; path = SPMRenovateTestProjectTests.swift; sourceTree = "<group>"; };
		D96DDFD12A8BD8600060A780 /* SPMRenovateTestProjectUITests.xctest */ = {isa = PBXFileReference; explicitFileType = wrapper.cfbundle; includeInIndex = 0; path = SPMRenovateTestProjectUITests.xctest; sourceTree = BUILT_PRODUCTS_DIR; };
		D96DDFD52A8BD8600060A780 /* SPMRenovateTestProjectUITests.swift */ = {isa = PBXFileReference; lastKnownFileType = sourcecode.swift; path = SPMRenovateTestProjectUITests.swift; sourceTree = "<group>"; };
		D96DDFD72A8BD8600060A780 /* SPMRenovateTestProjectUITestsLaunchTests.swift */ = {isa = PBXFileReference; lastKnownFileType = sourcecode.swift; path = SPMRenovateTestProjectUITestsLaunchTests.swift; sourceTree = "<group>"; };
		D99058CB2A8C14CF0063658E /* SPMRenovateTestPackage */ = {isa = PBXFileReference; lastKnownFileType = wrapper; path = SPMRenovateTestPackage; sourceTree = "<group>"; };
/* End PBXFileReference section */

/* Begin PBXFrameworksBuildPhase section */
		D96DDFB42A8BD85F0060A780 /* Frameworks */ = {
			isa = PBXFrameworksBuildPhase;
			buildActionMask = 2147483647;
			files = (
				D99058CE2A8C15F80063658E /* SPMRenovateTestPackage in Frameworks */,
			);
			runOnlyForDeploymentPostprocessing = 0;
		};
		D96DDFC42A8BD8600060A780 /* Frameworks */ = {
			isa = PBXFrameworksBuildPhase;
			buildActionMask = 2147483647;
			files = (
			);
			runOnlyForDeploymentPostprocessing = 0;
		};
		D96DDFCE2A8BD8600060A780 /* Frameworks */ = {
			isa = PBXFrameworksBuildPhase;
			buildActionMask = 2147483647;
			files = (
			);
			runOnlyForDeploymentPostprocessing = 0;
		};
/* End PBXFrameworksBuildPhase section */

/* Begin PBXGroup section */
		D96DDFAE2A8BD85F0060A780 = {
			isa = PBXGroup;
			children = (
				D99058CB2A8C14CF0063658E /* SPMRenovateTestPackage */,
				D96DDFB92A8BD85F0060A780 /* SPMRenovateTestProject */,
				D96DDFCA2A8BD8600060A780 /* SPMRenovateTestProjectTests */,
				D96DDFD42A8BD8600060A780 /* SPMRenovateTestProjectUITests */,
				D96DDFB82A8BD85F0060A780 /* Products */,
				D99058CC2A8C15F80063658E /* Frameworks */,
			);
			sourceTree = "<group>";
		};
		D96DDFB82A8BD85F0060A780 /* Products */ = {
			isa = PBXGroup;
			children = (
				D96DDFB72A8BD85F0060A780 /* SPMRenovateTestProject.app */,
				D96DDFC72A8BD8600060A780 /* SPMRenovateTestProjectTests.xctest */,
				D96DDFD12A8BD8600060A780 /* SPMRenovateTestProjectUITests.xctest */,
			);
			name = Products;
			sourceTree = "<group>";
		};
		D96DDFB92A8BD85F0060A780 /* SPMRenovateTestProject */ = {
			isa = PBXGroup;
			children = (
				D96DDFBA2A8BD85F0060A780 /* SPMRenovateTestProjectApp.swift */,
				D96DDFBC2A8BD85F0060A780 /* ContentView.swift */,
				D96DDFBE2A8BD8600060A780 /* Assets.xcassets */,
				D96DDFC02A8BD8600060A780 /* Preview Content */,
			);
			path = SPMRenovateTestProject;
			sourceTree = "<group>";
		};
		D96DDFC02A8BD8600060A780 /* Preview Content */ = {
			isa = PBXGroup;
			children = (
				D96DDFC12A8BD8600060A780 /* Preview Assets.xcassets */,
			);
			path = "Preview Content";
			sourceTree = "<group>";
		};
		D96DDFCA2A8BD8600060A780 /* SPMRenovateTestProjectTests */ = {
			isa = PBXGroup;
			children = (
				D96DDFCB2A8BD8600060A780 /* SPMRenovateTestProjectTests.swift */,
			);
			path = SPMRenovateTestProjectTests;
			sourceTree = "<group>";
		};
		D96DDFD42A8BD8600060A780 /* SPMRenovateTestProjectUITests */ = {
			isa = PBXGroup;
			children = (
				D96DDFD52A8BD8600060A780 /* SPMRenovateTestProjectUITests.swift */,
				D96DDFD72A8BD8600060A780 /* SPMRenovateTestProjectUITestsLaunchTests.swift */,
			);
			path = SPMRenovateTestProjectUITests;
			sourceTree = "<group>";
		};
		D99058CC2A8C15F80063658E /* Frameworks */ = {
			isa = PBXGroup;
			children = (
			);
			name = Frameworks;
			sourceTree = "<group>";
		};
/* End PBXGroup section */

/* Begin PBXNativeTarget section */
		D96DDFB62A8BD85F0060A780 /* SPMRenovateTestProject */ = {
			isa = PBXNativeTarget;
			buildConfigurationList = D96DDFDB2A8BD8600060A780 /* Build configuration list for PBXNativeTarget "SPMRenovateTestProject" */;
			buildPhases = (
				D96DDFB32A8BD85F0060A780 /* Sources */,
				D96DDFB42A8BD85F0060A780 /* Frameworks */,
				D96DDFB52A8BD85F0060A780 /* Resources */,
			);
			buildRules = (
			);
			dependencies = (
			);
			name = SPMRenovateTestProject;
			packageProductDependencies = (
				D99058CD2A8C15F80063658E /* SPMRenovateTestPackage */,
			);
			productName = SPMRenovateTestProject;
			productReference = D96DDFB72A8BD85F0060A780 /* SPMRenovateTestProject.app */;
			productType = "com.apple.product-type.application";
		};
		D96DDFC62A8BD8600060A780 /* SPMRenovateTestProjectTests */ = {
			isa = PBXNativeTarget;
			buildConfigurationList = D96DDFDE2A8BD8600060A780 /* Build configuration list for PBXNativeTarget "SPMRenovateTestProjectTests" */;
			buildPhases = (
				D96DDFC32A8BD8600060A780 /* Sources */,
				D96DDFC42A8BD8600060A780 /* Frameworks */,
				D96DDFC52A8BD8600060A780 /* Resources */,
			);
			buildRules = (
			);
			dependencies = (
				D96DDFC92A8BD8600060A780 /* PBXTargetDependency */,
			);
			name = SPMRenovateTestProjectTests;
			productName = SPMRenovateTestProjectTests;
			productReference = D96DDFC72A8BD8600060A780 /* SPMRenovateTestProjectTests.xctest */;
			productType = "com.apple.product-type.bundle.unit-test";
		};
		D96DDFD02A8BD8600060A780 /* SPMRenovateTestProjectUITests */ = {
			isa = PBXNativeTarget;
			buildConfigurationList = D96DDFE12A8BD8600060A780 /* Build configuration list for PBXNativeTarget "SPMRenovateTestProjectUITests" */;
			buildPhases = (
				D96DDFCD2A8BD8600060A780 /* Sources */,
				D96DDFCE2A8BD8600060A780 /* Frameworks */,
				D96DDFCF2A8BD8600060A780 /* Resources */,
			);
			buildRules = (
			);
			dependencies = (
				D96DDFD32A8BD8600060A780 /* PBXTargetDependency */,
			);
			name = SPMRenovateTestProjectUITests;
			productName = SPMRenovateTestProjectUITests;
			productReference = D96DDFD12A8BD8600060A780 /* SPMRenovateTestProjectUITests.xctest */;
			productType = "com.apple.product-type.bundle.ui-testing";
		};
/* End PBXNativeTarget section */

/* Begin PBXProject section */
		D96DDFAF2A8BD85F0060A780 /* Project object */ = {
			isa = PBXProject;
			attributes = {
				BuildIndependentTargetsInParallel = 1;
				LastSwiftUpdateCheck = 1430;
				LastUpgradeCheck = 1430;
				TargetAttributes = {
					D96DDFB62A8BD85F0060A780 = {
						CreatedOnToolsVersion = 14.3.1;
					};
					D96DDFC62A8BD8600060A780 = {
						CreatedOnToolsVersion = 14.3.1;
						TestTargetID = D96DDFB62A8BD85F0060A780;
					};
					D96DDFD02A8BD8600060A780 = {
						CreatedOnToolsVersion = 14.3.1;
						TestTargetID = D96DDFB62A8BD85F0060A780;
					};
				};
			};
			buildConfigurationList = D96DDFB22A8BD85F0060A780 /* Build configuration list for PBXProject "SPMRenovateTestProject" */;
			compatibilityVersion = "Xcode 14.0";
			developmentRegion = en;
			hasScannedForEncodings = 0;
			knownRegions = (
				en,
				Base,
			);
			mainGroup = D96DDFAE2A8BD85F0060A780;
			packageReferences = (
			);
			productRefGroup = D96DDFB82A8BD85F0060A780 /* Products */;
			projectDirPath = "";
			projectRoot = "";
			targets = (
				D96DDFB62A8BD85F0060A780 /* SPMRenovateTestProject */,
				D96DDFC62A8BD8600060A780 /* SPMRenovateTestProjectTests */,
				D96DDFD02A8BD8600060A780 /* SPMRenovateTestProjectUITests */,
			);
		};
/* End PBXProject section */

/* Begin PBXResourcesBuildPhase section */
		D96DDFB52A8BD85F0060A780 /* Resources */ = {
			isa = PBXResourcesBuildPhase;
			buildActionMask = 2147483647;
			files = (
				D96DDFC22A8BD8600060A780 /* Preview Assets.xcassets in Resources */,
				D96DDFBF2A8BD8600060A780 /* Assets.xcassets in Resources */,
			);
			runOnlyForDeploymentPostprocessing = 0;
		};
		D96DDFC52A8BD8600060A780 /* Resources */ = {
			isa = PBXResourcesBuildPhase;
			buildActionMask = 2147483647;
			files = (
			);
			runOnlyForDeploymentPostprocessing = 0;
		};
		D96DDFCF2A8BD8600060A780 /* Resources */ = {
			isa = PBXResourcesBuildPhase;
			buildActionMask = 2147483647;
			files = (
			);
			runOnlyForDeploymentPostprocessing = 0;
		};
/* End PBXResourcesBuildPhase section */

/* Begin PBXSourcesBuildPhase section */
		D96DDFB32A8BD85F0060A780 /* Sources */ = {
			isa = PBXSourcesBuildPhase;
			buildActionMask = 2147483647;
			files = (
				D96DDFBD2A8BD85F0060A780 /* ContentView.swift in Sources */,
				D96DDFBB2A8BD85F0060A780 /* SPMRenovateTestProjectApp.swift in Sources */,
			);
			runOnlyForDeploymentPostprocessing = 0;
		};
		D96DDFC32A8BD8600060A780 /* Sources */ = {
			isa = PBXSourcesBuildPhase;
			buildActionMask = 2147483647;
			files = (
				D96DDFCC2A8BD8600060A780 /* SPMRenovateTestProjectTests.swift in Sources */,
			);
			runOnlyForDeploymentPostprocessing = 0;
		};
		D96DDFCD2A8BD8600060A780 /* Sources */ = {
			isa = PBXSourcesBuildPhase;
			buildActionMask = 2147483647;
			files = (
				D96DDFD62A8BD8600060A780 /* SPMRenovateTestProjectUITests.swift in Sources */,
				D96DDFD82A8BD8600060A780 /* SPMRenovateTestProjectUITestsLaunchTests.swift in Sources */,
			);
			runOnlyForDeploymentPostprocessing = 0;
		};
/* End PBXSourcesBuildPhase section */

/* Begin PBXTargetDependency section */
		D96DDFC92A8BD8600060A780 /* PBXTargetDependency */ = {
			isa = PBXTargetDependency;
			target = D96DDFB62A8BD85F0060A780 /* SPMRenovateTestProject */;
			targetProxy = D96DDFC82A8BD8600060A780 /* PBXContainerItemProxy */;
		};
		D96DDFD32A8BD8600060A780 /* PBXTargetDependency */ = {
			isa = PBXTargetDependency;
			target = D96DDFB62A8BD85F0060A780 /* SPMRenovateTestProject */;
			targetProxy = D96DDFD22A8BD8600060A780 /* PBXContainerItemProxy */;
		};
/* End PBXTargetDependency section */

/* Begin XCBuildConfiguration section */
		D96DDFD92A8BD8600060A780 /* Debug */ = {
			isa = XCBuildConfiguration;
			buildSettings = {
				ALWAYS_SEARCH_USER_PATHS = NO;
				CLANG_ANALYZER_NONNULL = YES;
				CLANG_ANALYZER_NUMBER_OBJECT_CONVERSION = YES_AGGRESSIVE;
				CLANG_CXX_LANGUAGE_STANDARD = "gnu++20";
				CLANG_ENABLE_MODULES = YES;
				CLANG_ENABLE_OBJC_ARC = YES;
				CLANG_ENABLE_OBJC_WEAK = YES;
				CLANG_WARN_BLOCK_CAPTURE_AUTORELEASING = YES;
				CLANG_WARN_BOOL_CONVERSION = YES;
				CLANG_WARN_COMMA = YES;
				CLANG_WARN_CONSTANT_CONVERSION = YES;
				CLANG_WARN_DEPRECATED_OBJC_IMPLEMENTATIONS = YES;
				CLANG_WARN_DIRECT_OBJC_ISA_USAGE = YES_ERROR;
				CLANG_WARN_DOCUMENTATION_COMMENTS = YES;
				CLANG_WARN_EMPTY_BODY = YES;
				CLANG_WARN_ENUM_CONVERSION = YES;
				CLANG_WARN_INFINITE_RECURSION = YES;
				CLANG_WARN_INT_CONVERSION = YES;
				CLANG_WARN_NON_LITERAL_NULL_CONVERSION = YES;
				CLANG_WARN_OBJC_IMPLICIT_RETAIN_SELF = YES;
				CLANG_WARN_OBJC_LITERAL_CONVERSION = YES;
				CLANG_WARN_OBJC_ROOT_CLASS = YES_ERROR;
				CLANG_WARN_QUOTED_INCLUDE_IN_FRAMEWORK_HEADER = YES;
				CLANG_WARN_RANGE_LOOP_ANALYSIS = YES;
				CLANG_WARN_STRICT_PROTOTYPES = YES;
				CLANG_WARN_SUSPICIOUS_MOVE = YES;
				CLANG_WARN_UNGUARDED_AVAILABILITY = YES_AGGRESSIVE;
				CLANG_WARN_UNREACHABLE_CODE = YES;
				CLANG_WARN__DUPLICATE_METHOD_MATCH = YES;
				COPY_PHASE_STRIP = NO;
				DEBUG_INFORMATION_FORMAT = dwarf;
				ENABLE_STRICT_OBJC_MSGSEND = YES;
				ENABLE_TESTABILITY = YES;
				GCC_C_LANGUAGE_STANDARD = gnu11;
				GCC_DYNAMIC_NO_PIC = NO;
				GCC_NO_COMMON_BLOCKS = YES;
				GCC_OPTIMIZATION_LEVEL = 0;
				GCC_PREPROCESSOR_DEFINITIONS = (
					"DEBUG=1",
					"$(inherited)",
				);
				GCC_WARN_64_TO_32_BIT_CONVERSION = YES;
				GCC_WARN_ABOUT_RETURN_TYPE = YES_ERROR;
				GCC_WARN_UNDECLARED_SELECTOR = YES;
				GCC_WARN_UNINITIALIZED_AUTOS = YES_AGGRESSIVE;
				GCC_WARN_UNUSED_FUNCTION = YES;
				GCC_WARN_UNUSED_VARIABLE = YES;
				IPHONEOS_DEPLOYMENT_TARGET = 16.4;
				MTL_ENABLE_DEBUG_INFO = INCLUDE_SOURCE;
				MTL_FAST_MATH = YES;
				ONLY_ACTIVE_ARCH = YES;
				SDKROOT = iphoneos;
				SWIFT_ACTIVE_COMPILATION_CONDITIONS = DEBUG;
				SWIFT_OPTIMIZATION_LEVEL = "-Onone";
			};
			name = Debug;
		};
		D96DDFDA2A8BD8600060A780 /* Release */ = {
			isa = XCBuildConfiguration;
			buildSettings = {
				ALWAYS_SEARCH_USER_PATHS = NO;
				CLANG_ANALYZER_NONNULL = YES;
				CLANG_ANALYZER_NUMBER_OBJECT_CONVERSION = YES_AGGRESSIVE;
				CLANG_CXX_LANGUAGE_STANDARD = "gnu++20";
				CLANG_ENABLE_MODULES = YES;
				CLANG_ENABLE_OBJC_ARC = YES;
				CLANG_ENABLE_OBJC_WEAK = YES;
				CLANG_WARN_BLOCK_CAPTURE_AUTORELEASING = YES;
				CLANG_WARN_BOOL_CONVERSION = YES;
				CLANG_WARN_COMMA = YES;
				CLANG_WARN_CONSTANT_CONVERSION = YES;
				CLANG_WARN_DEPRECATED_OBJC_IMPLEMENTATIONS = YES;
				CLANG_WARN_DIRECT_OBJC_ISA_USAGE = YES_ERROR;
				CLANG_WARN_DOCUMENTATION_COMMENTS = YES;
				CLANG_WARN_EMPTY_BODY = YES;
				CLANG_WARN_ENUM_CONVERSION = YES;
				CLANG_WARN_INFINITE_RECURSION = YES;
				CLANG_WARN_INT_CONVERSION = YES;
				CLANG_WARN_NON_LITERAL_NULL_CONVERSION = YES;
				CLANG_WARN_OBJC_IMPLICIT_RETAIN_SELF = YES;
				CLANG_WARN_OBJC_LITERAL_CONVERSION = YES;
				CLANG_WARN_OBJC_ROOT_CLASS = YES_ERROR;
				CLANG_WARN_QUOTED_INCLUDE_IN_FRAMEWORK_HEADER = YES;
				CLANG_WARN_RANGE_LOOP_ANALYSIS = YES;
				CLANG_WARN_STRICT_PROTOTYPES = YES;
				CLANG_WARN_SUSPICIOUS_MOVE = YES;
				CLANG_WARN_UNGUARDED_AVAILABILITY = YES_AGGRESSIVE;
				CLANG_WARN_UNREACHABLE_CODE = YES;
				CLANG_WARN__DUPLICATE_METHOD_MATCH = YES;
				COPY_PHASE_STRIP = NO;
				DEBUG_INFORMATION_FORMAT = "dwarf-with-dsym";
				ENABLE_NS_ASSERTIONS = NO;
				ENABLE_STRICT_OBJC_MSGSEND = YES;
				GCC_C_LANGUAGE_STANDARD = gnu11;
				GCC_NO_COMMON_BLOCKS = YES;
				GCC_WARN_64_TO_32_BIT_CONVERSION = YES;
				GCC_WARN_ABOUT_RETURN_TYPE = YES_ERROR;
				GCC_WARN_UNDECLARED_SELECTOR = YES;
				GCC_WARN_UNINITIALIZED_AUTOS = YES_AGGRESSIVE;
				GCC_WARN_UNUSED_FUNCTION = YES;
				GCC_WARN_UNUSED_VARIABLE = YES;
				IPHONEOS_DEPLOYMENT_TARGET = 16.4;
				MTL_ENABLE_DEBUG_INFO = NO;
				MTL_FAST_MATH = YES;
				SDKROOT = iphoneos;
				SWIFT_COMPILATION_MODE = wholemodule;
				SWIFT_OPTIMIZATION_LEVEL = "-O";
				VALIDATE_PRODUCT = YES;
			};
			name = Release;
		};
		D96DDFDC2A8BD8600060A780 /* Debug */ = {
			isa = XCBuildConfiguration;
			buildSettings = {
				ASSETCATALOG_COMPILER_APPICON_NAME = AppIcon;
				ASSETCATALOG_COMPILER_GLOBAL_ACCENT_COLOR_NAME = AccentColor;
				CODE_SIGN_STYLE = Automatic;
				CURRENT_PROJECT_VERSION = 1;
				DEVELOPMENT_ASSET_PATHS = "\"SPMRenovateTestProject/Preview Content\"";
				DEVELOPMENT_TEAM = J34N76K9NW;
				ENABLE_PREVIEWS = YES;
				GENERATE_INFOPLIST_FILE = YES;
				INFOPLIST_KEY_UIApplicationSceneManifest_Generation = YES;
				INFOPLIST_KEY_UIApplicationSupportsIndirectInputEvents = YES;
				INFOPLIST_KEY_UILaunchScreen_Generation = YES;
				INFOPLIST_KEY_UISupportedInterfaceOrientations_iPad = "UIInterfaceOrientationPortrait UIInterfaceOrientationPortraitUpsideDown UIInterfaceOrientationLandscapeLeft UIInterfaceOrientationLandscapeRight";
				INFOPLIST_KEY_UISupportedInterfaceOrientations_iPhone = "UIInterfaceOrientationPortrait UIInterfaceOrientationLandscapeLeft UIInterfaceOrientationLandscapeRight";
				LD_RUNPATH_SEARCH_PATHS = (
					"$(inherited)",
					"@executable_path/Frameworks",
				);
				MARKETING_VERSION = 1.0;
				PRODUCT_BUNDLE_IDENTIFIER = com.vestiairecollective.SPMRenovateTestProject;
				PRODUCT_NAME = "$(TARGET_NAME)";
				SWIFT_EMIT_LOC_STRINGS = YES;
				SWIFT_VERSION = 5.0;
				TARGETED_DEVICE_FAMILY = "1,2";
			};
			name = Debug;
		};
		D96DDFDD2A8BD8600060A780 /* Release */ = {
			isa = XCBuildConfiguration;
			buildSettings = {
				ASSETCATALOG_COMPILER_APPICON_NAME = AppIcon;
				ASSETCATALOG_COMPILER_GLOBAL_ACCENT_COLOR_NAME = AccentColor;
				CODE_SIGN_STYLE = Automatic;
				CURRENT_PROJECT_VERSION = 1;
				DEVELOPMENT_ASSET_PATHS = "\"SPMRenovateTestProject/Preview Content\"";
				DEVELOPMENT_TEAM = J34N76K9NW;
				ENABLE_PREVIEWS = YES;
				GENERATE_INFOPLIST_FILE = YES;
				INFOPLIST_KEY_UIApplicationSceneManifest_Generation = YES;
				INFOPLIST_KEY_UIApplicationSupportsIndirectInputEvents = YES;
				INFOPLIST_KEY_UILaunchScreen_Generation = YES;
				INFOPLIST_KEY_UISupportedInterfaceOrientations_iPad = "UIInterfaceOrientationPortrait UIInterfaceOrientationPortraitUpsideDown UIInterfaceOrientationLandscapeLeft UIInterfaceOrientationLandscapeRight";
				INFOPLIST_KEY_UISupportedInterfaceOrientations_iPhone = "UIInterfaceOrientationPortrait UIInterfaceOrientationLandscapeLeft UIInterfaceOrientationLandscapeRight";
				LD_RUNPATH_SEARCH_PATHS = (
					"$(inherited)",
					"@executable_path/Frameworks",
				);
				MARKETING_VERSION = 1.0;
				PRODUCT_BUNDLE_IDENTIFIER = com.vestiairecollective.SPMRenovateTestProject;
				PRODUCT_NAME = "$(TARGET_NAME)";
				SWIFT_EMIT_LOC_STRINGS = YES;
				SWIFT_VERSION = 5.0;
				TARGETED_DEVICE_FAMILY = "1,2";
			};
			name = Release;
		};
		D96DDFDF2A8BD8600060A780 /* Debug */ = {
			isa = XCBuildConfiguration;
			buildSettings = {
				ALWAYS_EMBED_SWIFT_STANDARD_LIBRARIES = YES;
				BUNDLE_LOADER = "$(TEST_HOST)";
				CODE_SIGN_STYLE = Automatic;
				CURRENT_PROJECT_VERSION = 1;
				DEVELOPMENT_TEAM = J34N76K9NW;
				GENERATE_INFOPLIST_FILE = YES;
				IPHONEOS_DEPLOYMENT_TARGET = 16.4;
				MARKETING_VERSION = 1.0;
				PRODUCT_BUNDLE_IDENTIFIER = com.vestiairecollective.SPMRenovateTestProjectTests;
				PRODUCT_NAME = "$(TARGET_NAME)";
				SWIFT_EMIT_LOC_STRINGS = NO;
				SWIFT_VERSION = 5.0;
				TARGETED_DEVICE_FAMILY = "1,2";
				TEST_HOST = "$(BUILT_PRODUCTS_DIR)/SPMRenovateTestProject.app/$(BUNDLE_EXECUTABLE_FOLDER_PATH)/SPMRenovateTestProject";
			};
			name = Debug;
		};
		D96DDFE02A8BD8600060A780 /* Release */ = {
			isa = XCBuildConfiguration;
			buildSettings = {
				ALWAYS_EMBED_SWIFT_STANDARD_LIBRARIES = YES;
				BUNDLE_LOADER = "$(TEST_HOST)";
				CODE_SIGN_STYLE = Automatic;
				CURRENT_PROJECT_VERSION = 1;
				DEVELOPMENT_TEAM = J34N76K9NW;
				GENERATE_INFOPLIST_FILE = YES;
				IPHONEOS_DEPLOYMENT_TARGET = 16.4;
				MARKETING_VERSION = 1.0;
				PRODUCT_BUNDLE_IDENTIFIER = com.vestiairecollective.SPMRenovateTestProjectTests;
				PRODUCT_NAME = "$(TARGET_NAME)";
				SWIFT_EMIT_LOC_STRINGS = NO;
				SWIFT_VERSION = 5.0;
				TARGETED_DEVICE_FAMILY = "1,2";
				TEST_HOST = "$(BUILT_PRODUCTS_DIR)/SPMRenovateTestProject.app/$(BUNDLE_EXECUTABLE_FOLDER_PATH)/SPMRenovateTestProject";
			};
			name = Release;
		};
		D96DDFE22A8BD8600060A780 /* Debug */ = {
			isa = XCBuildConfiguration;
			buildSettings = {
				ALWAYS_EMBED_SWIFT_STANDARD_LIBRARIES = YES;
				CODE_SIGN_STYLE = Automatic;
				CURRENT_PROJECT_VERSION = 1;
				DEVELOPMENT_TEAM = J34N76K9NW;
				GENERATE_INFOPLIST_FILE = YES;
				MARKETING_VERSION = 1.0;
				PRODUCT_BUNDLE_IDENTIFIER = com.vestiairecollective.SPMRenovateTestProjectUITests;
				PRODUCT_NAME = "$(TARGET_NAME)";
				SWIFT_EMIT_LOC_STRINGS = NO;
				SWIFT_VERSION = 5.0;
				TARGETED_DEVICE_FAMILY = "1,2";
				TEST_TARGET_NAME = SPMRenovateTestProject;
			};
			name = Debug;
		};
		D96DDFE32A8BD8600060A780 /* Release */ = {
			isa = XCBuildConfiguration;
			buildSettings = {
				ALWAYS_EMBED_SWIFT_STANDARD_LIBRARIES = YES;
				CODE_SIGN_STYLE = Automatic;
				CURRENT_PROJECT_VERSION = 1;
				DEVELOPMENT_TEAM = J34N76K9NW;
				GENERATE_INFOPLIST_FILE = YES;
				MARKETING_VERSION = 1.0;
				PRODUCT_BUNDLE_IDENTIFIER = com.vestiairecollective.SPMRenovateTestProjectUITests;
				PRODUCT_NAME = "$(TARGET_NAME)";
				SWIFT_EMIT_LOC_STRINGS = NO;
				SWIFT_VERSION = 5.0;
				TARGETED_DEVICE_FAMILY = "1,2";
				TEST_TARGET_NAME = SPMRenovateTestProject;
			};
			name = Release;
		};
/* End XCBuildConfiguration section */

/* Begin XCConfigurationList section */
		D96DDFB22A8BD85F0060A780 /* Build configuration list for PBXProject "SPMRenovateTestProject" */ = {
			isa = XCConfigurationList;
			buildConfigurations = (
				D96DDFD92A8BD8600060A780 /* Debug */,
				D96DDFDA2A8BD8600060A780 /* Release */,
			);
			defaultConfigurationIsVisible = 0;
			defaultConfigurationName = Release;
		};
		D96DDFDB2A8BD8600060A780 /* Build configuration list for PBXNativeTarget "SPMRenovateTestProject" */ = {
			isa = XCConfigurationList;
			buildConfigurations = (
				D96DDFDC2A8BD8600060A780 /* Debug */,
				D96DDFDD2A8BD8600060A780 /* Release */,
			);
			defaultConfigurationIsVisible = 0;
			defaultConfigurationName = Release;
		};
		D96DDFDE2A8BD8600060A780 /* Build configuration list for PBXNativeTarget "SPMRenovateTestProjectTests" */ = {
			isa = XCConfigurationList;
			buildConfigurations = (
				D96DDFDF2A8BD8600060A780 /* Debug */,
				D96DDFE02A8BD8600060A780 /* Release */,
			);
			defaultConfigurationIsVisible = 0;
			defaultConfigurationName = Release;
		};
		D96DDFE12A8BD8600060A780 /* Build configuration list for PBXNativeTarget "SPMRenovateTestProjectUITests" */ = {
			isa = XCConfigurationList;
			buildConfigurations = (
				D96DDFE22A8BD8600060A780 /* Debug */,
				D96DDFE32A8BD8600060A780 /* Release */,
			);
			defaultConfigurationIsVisible = 0;
			defaultConfigurationName = Release;
		};
/* End XCConfigurationList section */

/* Begin XCSwiftPackageProductDependency section */
		D99058CD2A8C15F80063658E /* SPMRenovateTestPackage */ = {
			isa = XCSwiftPackageProductDependency;
			productName = SPMRenovateTestPackage;
		};
/* End XCSwiftPackageProductDependency section */
	};
	rootObject = D96DDFAF2A8BD85F0060A780 /* Project object */;
}
